
Microsoft Visual Studio Solution File, Format Version 12.00
# Visual Studio Version 17
VisualStudioVersion = 17.2.32616.157
MinimumVisualStudioVersion = 10.0.40219.1
Project("{2150E333-8FDC-42A3-9474-1A3956D46DE8}") = "CreationalPatterns", "CreationalPatterns", "{46AAB12D-3664-4BE0-8FD8-1DDF2F224B9C}"
EndProject
Project("{2150E333-8FDC-42A3-9474-1A3956D46DE8}") = "StructuralPatterns", "StructuralPatterns", "{B799428F-0E24-4489-89D9-55D9C77AF783}"
EndProject
Project("{2150E333-8FDC-42A3-9474-1A3956D46DE8}") = "BehavioralPatterns", "BehavioralPatterns", "{D534391A-3E18-445D-8216-E457EF857F42}"
EndProject
Project("{9A19103F-16F7-4668-BE54-9A1E7A4F7556}") = "Singleton", "Singleton\Singleton.csproj", "{8310C826-542B-4DDD-A878-2FB748AFAF55}"
EndProject
Project("{9A19103F-16F7-4668-BE54-9A1E7A4F7556}") = "Factory", "Factory\Factory.csproj", "{7DE622A3-E28D-4A8C-8DBB-B49C860B2F1B}"
EndProject
Project("{9A19103F-16F7-4668-BE54-9A1E7A4F7556}") = "AbstractFactory", "AbstractFactory\AbstractFactory.csproj", "{2CEC981E-485C-4924-A65F-CD194876A312}"
EndProject
Project("{2150E333-8FDC-42A3-9474-1A3956D46DE8}") = "BuilderFolder", "BuilderFolder", "{9C8A3380-16BD-4BF9-AC09-8A6282E60540}"
EndProject
Project("{9A19103F-16F7-4668-BE54-9A1E7A4F7556}") = "Builder", "Builder\Builder.csproj", "{0DEC0780-8644-4624-AA0F-9FDC062347CE}"
EndProject
Project("{9A19103F-16F7-4668-BE54-9A1E7A4F7556}") = "BuilderSimple", "BuilderSimple\BuilderSimple.csproj", "{D9F932E6-D911-4BD5-A6C6-BB9ED7D33ABA}"
EndProject
Project("{9A19103F-16F7-4668-BE54-9A1E7A4F7556}") = "Strategy", "Strategy\Strategy.csproj", "{59C91431-5F37-45BF-9253-3C11750ED7CC}"
EndProject
Project("{9A19103F-16F7-4668-BE54-9A1E7A4F7556}") = "Builder2", "Builder2\Builder2.csproj", "{A71050CB-285D-4078-A36F-1F8A32DFF40D}"
EndProject
Project("{FAE04EC0-301F-11D3-BF4B-00C04F79EFBC}") = "PrototypeCustomClone", "PrototypeCustomClone\PrototypeCustomClone.csproj", "{4A6CA2B8-B3B7-4E28-A12C-A1A5B9C75A4C}"
EndProject
Global
	GlobalSection(SolutionConfigurationPlatforms) = preSolution
		Debug|Any CPU = Debug|Any CPU
		Release|Any CPU = Release|Any CPU
	EndGlobalSection
	GlobalSection(ProjectConfigurationPlatforms) = postSolution
		{8310C826-542B-4DDD-A878-2FB748AFAF55}.Debug|Any CPU.ActiveCfg = Debug|Any CPU
		{8310C826-542B-4DDD-A878-2FB748AFAF55}.Debug|Any CPU.Build.0 = Debug|Any CPU
		{8310C826-542B-4DDD-A878-2FB748AFAF55}.Release|Any CPU.ActiveCfg = Release|Any CPU
		{8310C826-542B-4DDD-A878-2FB748AFAF55}.Release|Any CPU.Build.0 = Release|Any CPU
		{7DE622A3-E28D-4A8C-8DBB-B49C860B2F1B}.Debug|Any CPU.ActiveCfg = Debug|Any CPU
		{7DE622A3-E28D-4A8C-8DBB-B49C860B2F1B}.Debug|Any CPU.Build.0 = Debug|Any CPU
		{7DE622A3-E28D-4A8C-8DBB-B49C860B2F1B}.Release|Any CPU.ActiveCfg = Release|Any CPU
		{7DE622A3-E28D-4A8C-8DBB-B49C860B2F1B}.Release|Any CPU.Build.0 = Release|Any CPU
		{2CEC981E-485C-4924-A65F-CD194876A312}.Debug|Any CPU.ActiveCfg = Debug|Any CPU
		{2CEC981E-485C-4924-A65F-CD194876A312}.Debug|Any CPU.Build.0 = Debug|Any CPU
		{2CEC981E-485C-4924-A65F-CD194876A312}.Release|Any CPU.ActiveCfg = Release|Any CPU
		{2CEC981E-485C-4924-A65F-CD194876A312}.Release|Any CPU.Build.0 = Release|Any CPU
		{0DEC0780-8644-4624-AA0F-9FDC062347CE}.Debug|Any CPU.ActiveCfg = Debug|Any CPU
		{0DEC0780-8644-4624-AA0F-9FDC062347CE}.Debug|Any CPU.Build.0 = Debug|Any CPU
		{0DEC0780-8644-4624-AA0F-9FDC062347CE}.Release|Any CPU.ActiveCfg = Release|Any CPU
		{0DEC0780-8644-4624-AA0F-9FDC062347CE}.Release|Any CPU.Build.0 = Release|Any CPU
		{D9F932E6-D911-4BD5-A6C6-BB9ED7D33ABA}.Debug|Any CPU.ActiveCfg = Debug|Any CPU
		{D9F932E6-D911-4BD5-A6C6-BB9ED7D33ABA}.Debug|Any CPU.Build.0 = Debug|Any CPU
		{D9F932E6-D911-4BD5-A6C6-BB9ED7D33ABA}.Release|Any CPU.ActiveCfg = Release|Any CPU
		{D9F932E6-D911-4BD5-A6C6-BB9ED7D33ABA}.Release|Any CPU.Build.0 = Release|Any CPU
		{59C91431-5F37-45BF-9253-3C11750ED7CC}.Debug|Any CPU.ActiveCfg = Debug|Any CPU
		{59C91431-5F37-45BF-9253-3C11750ED7CC}.Debug|Any CPU.Build.0 = Debug|Any CPU
		{59C91431-5F37-45BF-9253-3C11750ED7CC}.Release|Any CPU.ActiveCfg = Release|Any CPU
		{59C91431-5F37-45BF-9253-3C11750ED7CC}.Release|Any CPU.Build.0 = Release|Any CPU
		{A71050CB-285D-4078-A36F-1F8A32DFF40D}.Debug|Any CPU.ActiveCfg = Debug|Any CPU
		{A71050CB-285D-4078-A36F-1F8A32DFF40D}.Debug|Any CPU.Build.0 = Debug|Any CPU
		{A71050CB-285D-4078-A36F-1F8A32DFF40D}.Release|Any CPU.ActiveCfg = Release|Any CPU
		{A71050CB-285D-4078-A36F-1F8A32DFF40D}.Release|Any CPU.Build.0 = Release|Any CPU
		{4A6CA2B8-B3B7-4E28-A12C-A1A5B9C75A4C}.Debug|Any CPU.ActiveCfg = Debug|Any CPU
		{4A6CA2B8-B3B7-4E28-A12C-A1A5B9C75A4C}.Debug|Any CPU.Build.0 = Debug|Any CPU
		{4A6CA2B8-B3B7-4E28-A12C-A1A5B9C75A4C}.Release|Any CPU.ActiveCfg = Release|Any CPU
		{4A6CA2B8-B3B7-4E28-A12C-A1A5B9C75A4C}.Release|Any CPU.Build.0 = Release|Any CPU
	EndGlobalSection
	GlobalSection(SolutionProperties) = preSolution
		HideSolutionNode = FALSE
	EndGlobalSection
	GlobalSection(NestedProjects) = preSolution
		{8310C826-542B-4DDD-A878-2FB748AFAF55} = {46AAB12D-3664-4BE0-8FD8-1DDF2F224B9C}
		{7DE622A3-E28D-4A8C-8DBB-B49C860B2F1B} = {46AAB12D-3664-4BE0-8FD8-1DDF2F224B9C}
		{2CEC981E-485C-4924-A65F-CD194876A312} = {46AAB12D-3664-4BE0-8FD8-1DDF2F224B9C}
		{9C8A3380-16BD-4BF9-AC09-8A6282E60540} = {46AAB12D-3664-4BE0-8FD8-1DDF2F224B9C}
		{0DEC0780-8644-4624-AA0F-9FDC062347CE} = {9C8A3380-16BD-4BF9-AC09-8A6282E60540}
		{D9F932E6-D911-4BD5-A6C6-BB9ED7D33ABA} = {9C8A3380-16BD-4BF9-AC09-8A6282E60540}
		{59C91431-5F37-45BF-9253-3C11750ED7CC} = {D534391A-3E18-445D-8216-E457EF857F42}
		{A71050CB-285D-4078-A36F-1F8A32DFF40D} = {9C8A3380-16BD-4BF9-AC09-8A6282E60540}
		{4A6CA2B8-B3B7-4E28-A12C-A1A5B9C75A4C} = {46AAB12D-3664-4BE0-8FD8-1DDF2F224B9C}
	EndGlobalSection
	GlobalSection(ExtensibilityGlobals) = postSolution
		SolutionGuid = {DE32EC25-4621-499B-9C1B-46BC604A3E4A}
	EndGlobalSection
EndGlobal
